# Lockfile v4
# This file is automatically generated by Wapm.
# It is not intended for manual editing. The schema of this file may change.
[modules.happynum_rust."1.5.0".happynum]
name = "happynum"
package_version = "1.5.0"
package_name = "happynum_rust"
package_path = "happynum_rust@1.5.0"
resolved = "local"
resolved_source = "local"
abi = "wasi"
source = "target/wasm32-wasi/release/happynum.wasm"
prehashed_module_key = "3320e64959bda9cb5fe85cef6ba943e82968d7324c957144e63dfcb2ce7902a7d275ec3f9d790b631454203f56c32157d493b96209b9876560573c4ce7881f2d"
[commands.happynum]
name = "happynum"
package_name = "happynum_rust"
package_version = "1.5.0"
module = "happynum"
is_top_level_dependency = true
